Microsoft Visual Studio Solution File, Format Version 12.00
# Visual Studio Version 17
VisualStudioVersion = 17.5.2.0
MinimumVisualStudioVersion = 10.0.40219.1
Project("{FAE04EC0-301F-11D3-BF4B-00C04F79EFBC}") = "FilmRental.API", "FilmRental.API.csproj", "{52C456F1-E95D-EA9F-470A-795EDA50ADAB}"
EndProject
Global
	GlobalSection(SolutionConfigurationPlatforms) = preSolution
		Debug|Any CPU = Debug|Any CPU
		Release|Any CPU = Release|Any CPU
	EndGlobalSection
	GlobalSection(ProjectConfigurationPlatforms) = postSolution
		{52C456F1-E95D-EA9F-470A-795EDA50ADAB}.Debug|Any CPU.ActiveCfg = Debug|Any CPU
		{52C456F1-E95D-EA9F-470A-795EDA50ADAB}.Debug|Any CPU.Build.0 = Debug|Any CPU
		{52C456F1-E95D-EA9F-470A-795EDA50ADAB}.Release|Any CPU.ActiveCfg = Release|Any CPU
		{52C456F1-E95D-EA9F-470A-795EDA50ADAB}.Release|Any CPU.Build.0 = Release|Any CPU
	EndGlobalSection
	GlobalSection(SolutionProperties) = preSolution
		HideSolutionNode = FALSE
	EndGlobalSection
	GlobalSection(ExtensibilityGlobals) = postSolution
		SolutionGuid = {F039ABFD-FE76-4780-8C3B-9C94817B2952}
	EndGlobalSection
EndGlobal
